
Microsoft Visual Studio Solution File, Format Version 12.00
# Visual Studio Version 17
VisualStudioVersion = 17.0.31903.59
MinimumVisualStudioVersion = 10.0.40219.1
Project("{9A19103F-16F7-4668-BE54-9A1E7A4F7556}") = "interpolated-string-handler-net6", "interpolated-string-handler-net6\interpolated-string-handler-net6.csproj", "{36712259-1CB2-4FC0-8E4F-C3D258404BFE}"
EndProject
Project("{9A19103F-16F7-4668-BE54-9A1E7A4F7556}") = "interpolated-string-handler-net5", "interpolated-string-handler-net5\interpolated-string-handler-net5.csproj", "{66EAC87E-80D1-4952-AC00-F87A2C4E2DCB}"
EndProject
Project("{9A19103F-16F7-4668-BE54-9A1E7A4F7556}") = "interpolated-string-handler-net6-perf", "interpolated-string-handler-net6-perf\interpolated-string-handler-net6-perf.csproj", "{138449EA-2248-4968-B832-6382098A50AA}"
EndProject
Project("{9A19103F-16F7-4668-BE54-9A1E7A4F7556}") = "record-types-net6", "record-types-net6\record-types-net6.csproj", "{FCF74045-EF32-455F-95EA-DA057BCE6D9F}"
EndProject
Project("{9A19103F-16F7-4668-BE54-9A1E7A4F7556}") = "nullable-reference-types", "nullable-reference-types\nullable-reference-types.csproj", "{F236E081-99BE-46DB-AE4A-DF6DF41B19F5}"
EndProject
Project("{9A19103F-16F7-4668-BE54-9A1E7A4F7556}") = "lambda-expression-improvements-net6", "lambda-expression-improvements-net6\lambda-expression-improvements-net6.csproj", "{A156FB9D-A970-4338-9086-14432EC412A3}"
EndProject
Project("{9A19103F-16F7-4668-BE54-9A1E7A4F7556}") = "lambda-expression-improvements-net5", "lambda-expression-improvements-net5\lambda-expression-improvements-net5.csproj", "{94A2FF09-CABC-4859-ABEA-EC21294802A7}"
EndProject
Project("{9A19103F-16F7-4668-BE54-9A1E7A4F7556}") = "record-types-net6-perf", "record-types-net6-perf\record-types-net6-perf.csproj", "{683316C1-4B49-4ADE-928D-AF1917E7699B}"
EndProject
Project("{9A19103F-16F7-4668-BE54-9A1E7A4F7556}") = "constant-interpolated-strings-net6", "constant-interpolated-strings-net6\constant-interpolated-strings-net6.csproj", "{45A06D1F-3A09-484C-917A-9CFAD406C9BF}"
EndProject
Project("{9A19103F-16F7-4668-BE54-9A1E7A4F7556}") = "constant-interpolated-strings-net5", "constant-interpolated-strings-net5\constant-interpolated-strings-net5.csproj", "{F1596443-441D-4931-A925-10E19DFB035F}"
EndProject
Project("{9A19103F-16F7-4668-BE54-9A1E7A4F7556}") = "improved-definite-assignment-net6", "improved-definite-assignment-net6\improved-definite-assignment-net6.csproj", "{83AADABB-C7CE-4BFA-9BD9-43D5FF1997AE}"
EndProject
Project("{9A19103F-16F7-4668-BE54-9A1E7A4F7556}") = "improved-definite-assignment-net5", "improved-definite-assignment-net5\improved-definite-assignment-net5.csproj", "{AC1BC3A7-C752-4312-B052-DDED4133A648}"
EndProject
Project("{9A19103F-16F7-4668-BE54-9A1E7A4F7556}") = "callerargumentexpression-net6", "callerargumentexpression-net6\callerargumentexpression-net6.csproj", "{C18160FE-84A7-4AC5-B698-DD6194B1CA3C}"
EndProject
Project("{9A19103F-16F7-4668-BE54-9A1E7A4F7556}") = "json-serializer-net6", "json-serializer-net6\json-serializer-net6.csproj", "{92681368-3317-4CF1-84ED-0D9E0E090B9F}"
EndProject
Project("{9A19103F-16F7-4668-BE54-9A1E7A4F7556}") = "improvements-of-structure-types-net5", "improvements-of-structure-types-net5\improvements-of-structure-types-net5.csproj", "{7223AF52-A1AC-4E64-9B00-CFFC7D0D1A49}"
EndProject
Project("{9A19103F-16F7-4668-BE54-9A1E7A4F7556}") = "improvements-of-structure-types-net6", "improvements-of-structure-types-net6\improvements-of-structure-types-net6.csproj", "{76E05C70-B95C-494E-BE7E-7C065C0222DC}"
EndProject
Project("{9A19103F-16F7-4668-BE54-9A1E7A4F7556}") = "extended-property-patterns-net6", "extended-property-patterns-net6\extended-property-patterns-net6.csproj", "{8EAC2721-5331-4459-AF6C-315CBE94D3F3}"
EndProject
Project("{9A19103F-16F7-4668-BE54-9A1E7A4F7556}") = "assignment-and-declaration-in-same-deconstruction-net6", "assignment-and-declaration-in-same-deconstruction-net6\assignment-and-declaration-in-same-deconstruction-net6.csproj", "{24E9CD1D-F024-43C4-8B3E-A0770F185D8C}"
EndProject
Project("{9A19103F-16F7-4668-BE54-9A1E7A4F7556}") = "default-constraint-net5", "default-constraint-net5\default-constraint-net5.csproj", "{A9D67787-CB87-4FFD-8B78-D5387A4981BC}"
EndProject
Project("{9A19103F-16F7-4668-BE54-9A1E7A4F7556}") = "nullable-type-parameter-net5-perf", "nullable-type-parameter-net5-perf\nullable-type-parameter-net5-perf.csproj", "{6AB3348F-E858-4252-B34C-1770330B9FAC}"
EndProject
Project("{FAE04EC0-301F-11D3-BF4B-00C04F79EFBC}") = "sealed-class-net6-perf", "sealed-class-net6-perf\sealed-class-net6-perf.csproj", "{743E0405-8012-43E4-BFE1-2B081CB69429}"
EndProject
Project("{FAE04EC0-301F-11D3-BF4B-00C04F79EFBC}") = "sealed-type-check-net6-perf", "sealed-type-check-net6-perf\sealed-type-check-net6-perf.csproj", "{7111CF69-A25B-48DB-90C3-43D6EE676B98}"
EndProject
Global
	GlobalSection(SolutionConfigurationPlatforms) = preSolution
		Debug|Any CPU = Debug|Any CPU
		Release|Any CPU = Release|Any CPU
	EndGlobalSection
	GlobalSection(ProjectConfigurationPlatforms) = postSolution
		{36712259-1CB2-4FC0-8E4F-C3D258404BFE}.Debug|Any CPU.ActiveCfg = Debug|Any CPU
		{36712259-1CB2-4FC0-8E4F-C3D258404BFE}.Debug|Any CPU.Build.0 = Debug|Any CPU
		{36712259-1CB2-4FC0-8E4F-C3D258404BFE}.Release|Any CPU.ActiveCfg = Release|Any CPU
		{36712259-1CB2-4FC0-8E4F-C3D258404BFE}.Release|Any CPU.Build.0 = Release|Any CPU
		{66EAC87E-80D1-4952-AC00-F87A2C4E2DCB}.Debug|Any CPU.ActiveCfg = Debug|Any CPU
		{66EAC87E-80D1-4952-AC00-F87A2C4E2DCB}.Debug|Any CPU.Build.0 = Debug|Any CPU
		{66EAC87E-80D1-4952-AC00-F87A2C4E2DCB}.Release|Any CPU.ActiveCfg = Release|Any CPU
		{66EAC87E-80D1-4952-AC00-F87A2C4E2DCB}.Release|Any CPU.Build.0 = Release|Any CPU
		{138449EA-2248-4968-B832-6382098A50AA}.Debug|Any CPU.ActiveCfg = Debug|Any CPU
		{138449EA-2248-4968-B832-6382098A50AA}.Debug|Any CPU.Build.0 = Debug|Any CPU
		{138449EA-2248-4968-B832-6382098A50AA}.Release|Any CPU.ActiveCfg = Release|Any CPU
		{138449EA-2248-4968-B832-6382098A50AA}.Release|Any CPU.Build.0 = Release|Any CPU
		{FCF74045-EF32-455F-95EA-DA057BCE6D9F}.Debug|Any CPU.ActiveCfg = Debug|Any CPU
		{FCF74045-EF32-455F-95EA-DA057BCE6D9F}.Debug|Any CPU.Build.0 = Debug|Any CPU
		{FCF74045-EF32-455F-95EA-DA057BCE6D9F}.Release|Any CPU.ActiveCfg = Release|Any CPU
		{FCF74045-EF32-455F-95EA-DA057BCE6D9F}.Release|Any CPU.Build.0 = Release|Any CPU
		{F236E081-99BE-46DB-AE4A-DF6DF41B19F5}.Debug|Any CPU.ActiveCfg = Debug|Any CPU
		{F236E081-99BE-46DB-AE4A-DF6DF41B19F5}.Debug|Any CPU.Build.0 = Debug|Any CPU
		{F236E081-99BE-46DB-AE4A-DF6DF41B19F5}.Release|Any CPU.ActiveCfg = Release|Any CPU
		{F236E081-99BE-46DB-AE4A-DF6DF41B19F5}.Release|Any CPU.Build.0 = Release|Any CPU
		{A156FB9D-A970-4338-9086-14432EC412A3}.Debug|Any CPU.ActiveCfg = Debug|Any CPU
		{A156FB9D-A970-4338-9086-14432EC412A3}.Debug|Any CPU.Build.0 = Debug|Any CPU
		{A156FB9D-A970-4338-9086-14432EC412A3}.Release|Any CPU.ActiveCfg = Release|Any CPU
		{A156FB9D-A970-4338-9086-14432EC412A3}.Release|Any CPU.Build.0 = Release|Any CPU
		{94A2FF09-CABC-4859-ABEA-EC21294802A7}.Debug|Any CPU.ActiveCfg = Debug|Any CPU
		{94A2FF09-CABC-4859-ABEA-EC21294802A7}.Debug|Any CPU.Build.0 = Debug|Any CPU
		{94A2FF09-CABC-4859-ABEA-EC21294802A7}.Release|Any CPU.ActiveCfg = Release|Any CPU
		{94A2FF09-CABC-4859-ABEA-EC21294802A7}.Release|Any CPU.Build.0 = Release|Any CPU
		{683316C1-4B49-4ADE-928D-AF1917E7699B}.Debug|Any CPU.ActiveCfg = Debug|Any CPU
		{683316C1-4B49-4ADE-928D-AF1917E7699B}.Debug|Any CPU.Build.0 = Debug|Any CPU
		{683316C1-4B49-4ADE-928D-AF1917E7699B}.Release|Any CPU.ActiveCfg = Release|Any CPU
		{683316C1-4B49-4ADE-928D-AF1917E7699B}.Release|Any CPU.Build.0 = Release|Any CPU
		{45A06D1F-3A09-484C-917A-9CFAD406C9BF}.Debug|Any CPU.ActiveCfg = Debug|Any CPU
		{45A06D1F-3A09-484C-917A-9CFAD406C9BF}.Debug|Any CPU.Build.0 = Debug|Any CPU
		{45A06D1F-3A09-484C-917A-9CFAD406C9BF}.Release|Any CPU.ActiveCfg = Release|Any CPU
		{45A06D1F-3A09-484C-917A-9CFAD406C9BF}.Release|Any CPU.Build.0 = Release|Any CPU
		{F1596443-441D-4931-A925-10E19DFB035F}.Debug|Any CPU.ActiveCfg = Debug|Any CPU
		{F1596443-441D-4931-A925-10E19DFB035F}.Debug|Any CPU.Build.0 = Debug|Any CPU
		{F1596443-441D-4931-A925-10E19DFB035F}.Release|Any CPU.ActiveCfg = Release|Any CPU
		{F1596443-441D-4931-A925-10E19DFB035F}.Release|Any CPU.Build.0 = Release|Any CPU
		{83AADABB-C7CE-4BFA-9BD9-43D5FF1997AE}.Debug|Any CPU.ActiveCfg = Debug|Any CPU
		{83AADABB-C7CE-4BFA-9BD9-43D5FF1997AE}.Debug|Any CPU.Build.0 = Debug|Any CPU
		{83AADABB-C7CE-4BFA-9BD9-43D5FF1997AE}.Release|Any CPU.ActiveCfg = Release|Any CPU
		{83AADABB-C7CE-4BFA-9BD9-43D5FF1997AE}.Release|Any CPU.Build.0 = Release|Any CPU
		{AC1BC3A7-C752-4312-B052-DDED4133A648}.Debug|Any CPU.ActiveCfg = Debug|Any CPU
		{AC1BC3A7-C752-4312-B052-DDED4133A648}.Debug|Any CPU.Build.0 = Debug|Any CPU
		{AC1BC3A7-C752-4312-B052-DDED4133A648}.Release|Any CPU.ActiveCfg = Release|Any CPU
		{AC1BC3A7-C752-4312-B052-DDED4133A648}.Release|Any CPU.Build.0 = Release|Any CPU
		{C18160FE-84A7-4AC5-B698-DD6194B1CA3C}.Debug|Any CPU.ActiveCfg = Debug|Any CPU
		{C18160FE-84A7-4AC5-B698-DD6194B1CA3C}.Debug|Any CPU.Build.0 = Debug|Any CPU
		{C18160FE-84A7-4AC5-B698-DD6194B1CA3C}.Release|Any CPU.ActiveCfg = Release|Any CPU
		{C18160FE-84A7-4AC5-B698-DD6194B1CA3C}.Release|Any CPU.Build.0 = Release|Any CPU
		{92681368-3317-4CF1-84ED-0D9E0E090B9F}.Debug|Any CPU.ActiveCfg = Debug|Any CPU
		{92681368-3317-4CF1-84ED-0D9E0E090B9F}.Debug|Any CPU.Build.0 = Debug|Any CPU
		{92681368-3317-4CF1-84ED-0D9E0E090B9F}.Release|Any CPU.ActiveCfg = Release|Any CPU
		{92681368-3317-4CF1-84ED-0D9E0E090B9F}.Release|Any CPU.Build.0 = Release|Any CPU
		{7223AF52-A1AC-4E64-9B00-CFFC7D0D1A49}.Debug|Any CPU.ActiveCfg = Debug|Any CPU
		{7223AF52-A1AC-4E64-9B00-CFFC7D0D1A49}.Debug|Any CPU.Build.0 = Debug|Any CPU
		{7223AF52-A1AC-4E64-9B00-CFFC7D0D1A49}.Release|Any CPU.ActiveCfg = Release|Any CPU
		{7223AF52-A1AC-4E64-9B00-CFFC7D0D1A49}.Release|Any CPU.Build.0 = Release|Any CPU
		{76E05C70-B95C-494E-BE7E-7C065C0222DC}.Debug|Any CPU.ActiveCfg = Debug|Any CPU
		{76E05C70-B95C-494E-BE7E-7C065C0222DC}.Debug|Any CPU.Build.0 = Debug|Any CPU
		{76E05C70-B95C-494E-BE7E-7C065C0222DC}.Release|Any CPU.ActiveCfg = Release|Any CPU
		{76E05C70-B95C-494E-BE7E-7C065C0222DC}.Release|Any CPU.Build.0 = Release|Any CPU
		{8EAC2721-5331-4459-AF6C-315CBE94D3F3}.Debug|Any CPU.ActiveCfg = Debug|Any CPU
		{8EAC2721-5331-4459-AF6C-315CBE94D3F3}.Debug|Any CPU.Build.0 = Debug|Any CPU
		{8EAC2721-5331-4459-AF6C-315CBE94D3F3}.Release|Any CPU.ActiveCfg = Release|Any CPU
		{8EAC2721-5331-4459-AF6C-315CBE94D3F3}.Release|Any CPU.Build.0 = Release|Any CPU
		{24E9CD1D-F024-43C4-8B3E-A0770F185D8C}.Debug|Any CPU.ActiveCfg = Debug|Any CPU
		{24E9CD1D-F024-43C4-8B3E-A0770F185D8C}.Debug|Any CPU.Build.0 = Debug|Any CPU
		{24E9CD1D-F024-43C4-8B3E-A0770F185D8C}.Release|Any CPU.ActiveCfg = Release|Any CPU
		{24E9CD1D-F024-43C4-8B3E-A0770F185D8C}.Release|Any CPU.Build.0 = Release|Any CPU
		{A9D67787-CB87-4FFD-8B78-D5387A4981BC}.Debug|Any CPU.ActiveCfg = Debug|Any CPU
		{A9D67787-CB87-4FFD-8B78-D5387A4981BC}.Debug|Any CPU.Build.0 = Debug|Any CPU
		{A9D67787-CB87-4FFD-8B78-D5387A4981BC}.Release|Any CPU.ActiveCfg = Release|Any CPU
		{A9D67787-CB87-4FFD-8B78-D5387A4981BC}.Release|Any CPU.Build.0 = Release|Any CPU
		{6AB3348F-E858-4252-B34C-1770330B9FAC}.Debug|Any CPU.ActiveCfg = Debug|Any CPU
		{6AB3348F-E858-4252-B34C-1770330B9FAC}.Debug|Any CPU.Build.0 = Debug|Any CPU
		{6AB3348F-E858-4252-B34C-1770330B9FAC}.Release|Any CPU.ActiveCfg = Release|Any CPU
		{6AB3348F-E858-4252-B34C-1770330B9FAC}.Release|Any CPU.Build.0 = Release|Any CPU
		{743E0405-8012-43E4-BFE1-2B081CB69429}.Debug|Any CPU.ActiveCfg = Debug|Any CPU
		{743E0405-8012-43E4-BFE1-2B081CB69429}.Debug|Any CPU.Build.0 = Debug|Any CPU
		{743E0405-8012-43E4-BFE1-2B081CB69429}.Release|Any CPU.ActiveCfg = Release|Any CPU
		{743E0405-8012-43E4-BFE1-2B081CB69429}.Release|Any CPU.Build.0 = Release|Any CPU
		{7111CF69-A25B-48DB-90C3-43D6EE676B98}.Debug|Any CPU.ActiveCfg = Debug|Any CPU
		{7111CF69-A25B-48DB-90C3-43D6EE676B98}.Debug|Any CPU.Build.0 = Debug|Any CPU
		{7111CF69-A25B-48DB-90C3-43D6EE676B98}.Release|Any CPU.ActiveCfg = Release|Any CPU
		{7111CF69-A25B-48DB-90C3-43D6EE676B98}.Release|Any CPU.Build.0 = Release|Any CPU
	EndGlobalSection
	GlobalSection(SolutionProperties) = preSolution
		HideSolutionNode = FALSE
	EndGlobalSection
	GlobalSection(ExtensibilityGlobals) = postSolution
		SolutionGuid = {734FA420-FCD1-48A0-B70A-AA0CC8BAC462}
	EndGlobalSection
EndGlobal
